# This file is autogenerated, do not edit; changes may be undone by the next 'dep ensure'.


[[projects]]
  branch = "master"
  digest = "1:b977b0cac9d3116020cc9806dfefcea558b716808d8db5bcd091a4961cecada6"
  name = "github.com/go-locks/distlock"
  packages = ["driver"]
  pruneopts = "UT"
  revision = "afdffbb62632ee5f3bb35fc286c534011674bf87"

[[projects]]
  branch = "master"
  digest = "1:0fc30ee071fb2ab89a1028c42bca32e097cbfbbee8c9c99963b1ad925aa75123"
  name = "github.com/go-locks/testcase"
  packages = ["."]
  pruneopts = "UT"
  revision = "ce6ad9c540beaed10367a35e9d947f494b073aeb"

[[projects]]
  digest = "1:8ef506fc2bb9ced9b151dafa592d4046063d744c646c1bbe801982ce87e4bc24"
  name = "github.com/lib/pq"
  packages = [
    ".",
    "oid",
  ]
  pruneopts = "UT"
  revision = "4ded0e9383f75c197b3a2aaa6d590ac52df6fd79"
  version = "v1.0.0"

[[projects]]
  digest = "1:36a75ab002c1cfb43bcc5d2ec10fbdc2a1136e9246a65e535f1d827435f28f17"
  name = "github.com/sirupsen/logrus"
  packages = ["."]
  pruneopts = "UT"
  revision = "418b41d23a1bf978c06faea5313ba194650ac088"
  version = "v0.8.7"

[solve-meta]
  analyzer-name = "dep"
  analyzer-version = 1
  input-imports = [
    "github.com/go-locks/distlock/driver",
    "github.com/go-locks/testcase",
    "github.com/lib/pq",
    "github.com/sirupsen/logrus",
  ]
  solver-name = "gps-cdcl"
  solver-version = 1
